<?xml version="1.0" encoding="utf-8"?>
<Project ToolsVersion="4.0" xmlns="http://schemas.microsoft.com/developer/msbuild/2003">
  <ItemGroup>
    <Filter Include="Source Files">
      <UniqueIdentifier>{4FC737F1-C7A5-4376-A066-2A32D752A2FF}</UniqueIdentifier>
      <Extensions>cpp;c;cc;cxx;def;odl;idl;hpj;bat;asm;asmx</Extensions>
    </Filter>
    <Filter Include="Header Files">
      <UniqueIdentifier>{93995380-89BD-4b04-88EB-625FBE52EBFB}</UniqueIdentifier>
      <Extensions>h;hh;hpp;hxx;hm;inl;inc;xsd</Extensions>
    </Filter>
    <Filter Include="Resource Files">
      <UniqueIdentifier>{67DA6AB6-F800-4c08-8B7A-83BB121AAD01}</UniqueIdentifier>
      <Extensions>rc;ico;cur;bmp;dlg;rc2;rct;bin;rgs;gif;jpg;jpeg;jpe;resx;tiff;tif;png;wav</Extensions>
    </Filter>
  </ItemGroup>
  <ItemGroup>
    <ClCompile Include="第10章\bininsertsort.cpp">
      <Filter>Source Files</Filter>
    </ClCompile>
    <ClCompile Include="第10章\bubblesort.cpp">
      <Filter>Source Files</Filter>
    </ClCompile>
    <ClCompile Include="第10章\bubblesort1.cpp">
      <Filter>Source Files</Filter>
    </ClCompile>
    <ClCompile Include="第10章\heapsort.cpp">
      <Filter>Source Files</Filter>
    </ClCompile>
    <ClCompile Include="第10章\insertsort.cpp">
      <Filter>Source Files</Filter>
    </ClCompile>
    <ClCompile Include="第10章\mergesort.cpp">
      <Filter>Source Files</Filter>
    </ClCompile>
    <ClCompile Include="第10章\mergesort1.cpp">
      <Filter>Source Files</Filter>
    </ClCompile>
    <ClCompile Include="第10章\quicksort.cpp">
      <Filter>Source Files</Filter>
    </ClCompile>
    <ClCompile Include="第10章\radixsort.cpp">
      <Filter>Source Files</Filter>
    </ClCompile>
    <ClCompile Include="第10章\radixsort1.cpp">
      <Filter>Source Files</Filter>
    </ClCompile>
    <ClCompile Include="第10章\selectsort.cpp">
      <Filter>Source Files</Filter>
    </ClCompile>
    <ClCompile Include="第10章\seqlist.cpp">
      <Filter>Source Files</Filter>
    </ClCompile>
    <ClCompile Include="第10章\shellsort.cpp">
      <Filter>Source Files</Filter>
    </ClCompile>
    <ClCompile Include="第13章\listack.cpp">
      <Filter>Source Files</Filter>
    </ClCompile>
    <ClCompile Include="第13章\program13-1.cpp">
      <Filter>Source Files</Filter>
    </ClCompile>
    <ClCompile Include="第13章\program13-2.cpp">
      <Filter>Source Files</Filter>
    </ClCompile>
    <ClCompile Include="第13章\program13-3.cpp">
      <Filter>Source Files</Filter>
    </ClCompile>
    <ClCompile Include="第13章\program13-4.cpp">
      <Filter>Source Files</Filter>
    </ClCompile>
    <ClCompile Include="第13章\program13-5.cpp">
      <Filter>Source Files</Filter>
    </ClCompile>
    <ClCompile Include="第13章\program13-6.cpp">
      <Filter>Source Files</Filter>
    </ClCompile>
    <ClCompile Include="第13章\program13-7.cpp">
      <Filter>Source Files</Filter>
    </ClCompile>
    <ClCompile Include="第13章\program13-8.cpp">
      <Filter>Source Files</Filter>
    </ClCompile>
    <ClCompile Include="第13章\program13-9.cpp">
      <Filter>Source Files</Filter>
    </ClCompile>
    <ClCompile Include="第13章\sqlist.cpp">
      <Filter>Source Files</Filter>
    </ClCompile>
    <ClCompile Include="第1章\algorithm1-5.cpp">
      <Filter>Source Files</Filter>
    </ClCompile>
    <ClCompile Include="第1章\algorithm1-9.cpp">
      <Filter>Source Files</Filter>
    </ClCompile>
    <ClCompile Include="第2章\algorithm2-10.cpp">
      <Filter>Source Files</Filter>
    </ClCompile>
    <ClCompile Include="第2章\algorithm2-11.cpp">
      <Filter>Source Files</Filter>
    </ClCompile>
    <ClCompile Include="第2章\algorithm2-12.cpp">
      <Filter>Source Files</Filter>
    </ClCompile>
    <ClCompile Include="第2章\algorithm2-13.cpp">
      <Filter>Source Files</Filter>
    </ClCompile>
    <ClCompile Include="第2章\algorithm2-14-1.cpp">
      <Filter>Source Files</Filter>
    </ClCompile>
    <ClCompile Include="第2章\algorithm2-14-2.cpp">
      <Filter>Source Files</Filter>
    </ClCompile>
    <ClCompile Include="第2章\algorithm2-15.cpp">
      <Filter>Source Files</Filter>
    </ClCompile>
    <ClCompile Include="第2章\algorithm2-16.cpp">
      <Filter>Source Files</Filter>
    </ClCompile>
    <ClCompile Include="第2章\algorithm2-17.cpp">
      <Filter>Source Files</Filter>
    </ClCompile>
    <ClCompile Include="第2章\algorithm2-3.cpp">
      <Filter>Source Files</Filter>
    </ClCompile>
    <ClCompile Include="第2章\algorithm2-4.cpp">
      <Filter>Source Files</Filter>
    </ClCompile>
    <ClCompile Include="第2章\algorithm2-5.cpp">
      <Filter>Source Files</Filter>
    </ClCompile>
    <ClCompile Include="第2章\algorithm2-6.cpp">
      <Filter>Source Files</Filter>
    </ClCompile>
    <ClCompile Include="第2章\algorithm2-7.cpp">
      <Filter>Source Files</Filter>
    </ClCompile>
    <ClCompile Include="第2章\algorithm2-8.cpp">
      <Filter>Source Files</Filter>
    </ClCompile>
    <ClCompile Include="第2章\algorithm2-9.cpp">
      <Filter>Source Files</Filter>
    </ClCompile>
    <ClCompile Include="第2章\cdlinklist.cpp">
      <Filter>Source Files</Filter>
    </ClCompile>
    <ClCompile Include="第2章\clinklist.cpp">
      <Filter>Source Files</Filter>
    </ClCompile>
    <ClCompile Include="第2章\Clink_Test.cpp">
      <Filter>Source Files</Filter>
    </ClCompile>
    <ClCompile Include="第2章\dlinklist.cpp">
      <Filter>Source Files</Filter>
    </ClCompile>
    <ClCompile Include="第2章\Dlink_Test.cpp">
      <Filter>Source Files</Filter>
    </ClCompile>
    <ClCompile Include="第2章\linklist.cpp">
      <Filter>Source Files</Filter>
    </ClCompile>
    <ClCompile Include="第2章\Linklist_Test.cpp">
      <Filter>Source Files</Filter>
    </ClCompile>
    <ClCompile Include="第2章\sqlist.cpp">
      <Filter>Source Files</Filter>
    </ClCompile>
    <ClCompile Include="第2章\tablelink.cpp">
      <Filter>Source Files</Filter>
    </ClCompile>
    <ClCompile Include="第2章\tempCodeRunnerFile.cpp">
      <Filter>Source Files</Filter>
    </ClCompile>
    <ClCompile Include="第3章\algorithm3-10.cpp">
      <Filter>Source Files</Filter>
    </ClCompile>
    <ClCompile Include="第3章\algorithm3-4.cpp">
      <Filter>Source Files</Filter>
    </ClCompile>
    <ClCompile Include="第3章\algorithm3-5.cpp">
      <Filter>Source Files</Filter>
    </ClCompile>
    <ClCompile Include="第3章\algorithm3-7.cpp">
      <Filter>Source Files</Filter>
    </ClCompile>
    <ClCompile Include="第3章\algorithm3-8.cpp">
      <Filter>Source Files</Filter>
    </ClCompile>
    <ClCompile Include="第3章\expvalue.cpp">
      <Filter>Source Files</Filter>
    </ClCompile>
    <ClCompile Include="第3章\liqueue.cpp">
      <Filter>Source Files</Filter>
    </ClCompile>
    <ClCompile Include="第3章\listack.cpp">
      <Filter>Source Files</Filter>
    </ClCompile>
    <ClCompile Include="第3章\mgpath.cpp">
      <Filter>Source Files</Filter>
    </ClCompile>
    <ClCompile Include="第3章\mgpath1.cpp">
      <Filter>Source Files</Filter>
    </ClCompile>
    <ClCompile Include="第3章\number.cpp">
      <Filter>Source Files</Filter>
    </ClCompile>
    <ClCompile Include="第3章\sqqueue.cpp">
      <Filter>Source Files</Filter>
    </ClCompile>
    <ClCompile Include="第3章\sqqueue1.cpp">
      <Filter>Source Files</Filter>
    </ClCompile>
    <ClCompile Include="第3章\sqstack.cpp">
      <Filter>Source Files</Filter>
    </ClCompile>
    <ClCompile Include="第4章\algorithm4-1.cpp">
      <Filter>Source Files</Filter>
    </ClCompile>
    <ClCompile Include="第4章\algorithm4-2.cpp">
      <Filter>Source Files</Filter>
    </ClCompile>
    <ClCompile Include="第4章\algorithm4-3.cpp">
      <Filter>Source Files</Filter>
    </ClCompile>
    <ClCompile Include="第4章\bf.cpp">
      <Filter>Source Files</Filter>
    </ClCompile>
    <ClCompile Include="第4章\kmp.cpp">
      <Filter>Source Files</Filter>
    </ClCompile>
    <ClCompile Include="第4章\kmp1.cpp">
      <Filter>Source Files</Filter>
    </ClCompile>
    <ClCompile Include="第4章\listring.cpp">
      <Filter>Source Files</Filter>
    </ClCompile>
    <ClCompile Include="第4章\sqstring.cpp">
      <Filter>Source Files</Filter>
    </ClCompile>
    <ClCompile Include="第5章\algorithm5-1.cpp">
      <Filter>Source Files</Filter>
    </ClCompile>
    <ClCompile Include="第5章\algorithm5-2.cpp">
      <Filter>Source Files</Filter>
    </ClCompile>
    <ClCompile Include="第5章\algorithm5-3.cpp">
      <Filter>Source Files</Filter>
    </ClCompile>
    <ClCompile Include="第5章\algorithm5-4.cpp">
      <Filter>Source Files</Filter>
    </ClCompile>
    <ClCompile Include="第5章\algorithm5-5.cpp">
      <Filter>Source Files</Filter>
    </ClCompile>
    <ClCompile Include="第5章\hanoi.cpp">
      <Filter>Source Files</Filter>
    </ClCompile>
    <ClCompile Include="第5章\linklist.cpp">
      <Filter>Source Files</Filter>
    </ClCompile>
    <ClCompile Include="第6章\algorithm6-1.cpp">
      <Filter>Source Files</Filter>
    </ClCompile>
    <ClCompile Include="第6章\algorithm6-3.cpp">
      <Filter>Source Files</Filter>
    </ClCompile>
    <ClCompile Include="第6章\glist.cpp">
      <Filter>Source Files</Filter>
    </ClCompile>
    <ClCompile Include="第6章\orthogonal.cpp">
      <Filter>Source Files</Filter>
    </ClCompile>
    <ClCompile Include="第6章\tuples.cpp">
      <Filter>Source Files</Filter>
    </ClCompile>
    <ClCompile Include="第7章\algorithm7-11.cpp">
      <Filter>Source Files</Filter>
    </ClCompile>
    <ClCompile Include="第7章\algorithm7-12.cpp">
      <Filter>Source Files</Filter>
    </ClCompile>
    <ClCompile Include="第7章\algorithm7-13 .cpp">
      <Filter>Source Files</Filter>
    </ClCompile>
    <ClCompile Include="第7章\algorithm7-14.cpp">
      <Filter>Source Files</Filter>
    </ClCompile>
    <ClCompile Include="第7章\algorithm7-15.cpp">
      <Filter>Source Files</Filter>
    </ClCompile>
    <ClCompile Include="第7章\algorithm7-16.cpp">
      <Filter>Source Files</Filter>
    </ClCompile>
    <ClCompile Include="第7章\algorithm7-17.cpp">
      <Filter>Source Files</Filter>
    </ClCompile>
    <ClCompile Include="第7章\algorithm7-18.cpp">
      <Filter>Source Files</Filter>
    </ClCompile>
    <ClCompile Include="第7章\algorithm7-19.cpp">
      <Filter>Source Files</Filter>
    </ClCompile>
    <ClCompile Include="第7章\algorithm7-3.cpp">
      <Filter>Source Files</Filter>
    </ClCompile>
    <ClCompile Include="第7章\algorithm7-4.cpp">
      <Filter>Source Files</Filter>
    </ClCompile>
    <ClCompile Include="第7章\btree.cpp">
      <Filter>Source Files</Filter>
    </ClCompile>
    <ClCompile Include="第7章\createbt.cpp">
      <Filter>Source Files</Filter>
    </ClCompile>
    <ClCompile Include="第7章\huffman.cpp">
      <Filter>Source Files</Filter>
    </ClCompile>
    <ClCompile Include="第7章\levelorder.cpp">
      <Filter>Source Files</Filter>
    </ClCompile>
    <ClCompile Include="第7章\nonrecuorder.cpp">
      <Filter>Source Files</Filter>
    </ClCompile>
    <ClCompile Include="第7章\recuorder.cpp">
      <Filter>Source Files</Filter>
    </ClCompile>
    <ClCompile Include="第7章\thread.cpp">
      <Filter>Source Files</Filter>
    </ClCompile>
    <ClCompile Include="第7章\unionfindset.cpp">
      <Filter>Source Files</Filter>
    </ClCompile>
    <ClCompile Include="第8章\algorithm8-10.cpp">
      <Filter>Source Files</Filter>
    </ClCompile>
    <ClCompile Include="第8章\algorithm8-2.cpp">
      <Filter>Source Files</Filter>
    </ClCompile>
    <ClCompile Include="第8章\algorithm8-3.cpp">
      <Filter>Source Files</Filter>
    </ClCompile>
    <ClCompile Include="第8章\algorithm8-4.cpp">
      <Filter>Source Files</Filter>
    </ClCompile>
    <ClCompile Include="第8章\algorithm8-5.cpp">
      <Filter>Source Files</Filter>
    </ClCompile>
    <ClCompile Include="第8章\algorithm8-6.cpp">
      <Filter>Source Files</Filter>
    </ClCompile>
    <ClCompile Include="第8章\algorithm8-7.cpp">
      <Filter>Source Files</Filter>
    </ClCompile>
    <ClCompile Include="第8章\algorithm8-8.cpp">
      <Filter>Source Files</Filter>
    </ClCompile>
    <ClCompile Include="第8章\algorithm8-9.cpp">
      <Filter>Source Files</Filter>
    </ClCompile>
    <ClCompile Include="第8章\bfs.cpp">
      <Filter>Source Files</Filter>
    </ClCompile>
    <ClCompile Include="第8章\dfs.cpp">
      <Filter>Source Files</Filter>
    </ClCompile>
    <ClCompile Include="第8章\dijkstra(debug).cpp">
      <Filter>Source Files</Filter>
    </ClCompile>
    <ClCompile Include="第8章\dijkstra.cpp">
      <Filter>Source Files</Filter>
    </ClCompile>
    <ClCompile Include="第8章\floyd.cpp">
      <Filter>Source Files</Filter>
    </ClCompile>
    <ClCompile Include="第8章\graph.cpp">
      <Filter>Source Files</Filter>
    </ClCompile>
    <ClCompile Include="第8章\Keypath.cpp">
      <Filter>Source Files</Filter>
    </ClCompile>
    <ClCompile Include="第8章\kruskal.cpp">
      <Filter>Source Files</Filter>
    </ClCompile>
    <ClCompile Include="第8章\kruskal1.cpp">
      <Filter>Source Files</Filter>
    </ClCompile>
    <ClCompile Include="第8章\prim.cpp">
      <Filter>Source Files</Filter>
    </ClCompile>
    <ClCompile Include="第8章\tmp.cpp">
      <Filter>Source Files</Filter>
    </ClCompile>
    <ClCompile Include="第8章\topsort.cpp">
      <Filter>Source Files</Filter>
    </ClCompile>
    <ClCompile Include="第9章\avl.cpp">
      <Filter>Source Files</Filter>
    </ClCompile>
    <ClCompile Include="第9章\binsearch.cpp">
      <Filter>Source Files</Filter>
    </ClCompile>
    <ClCompile Include="第9章\blocksearch.cpp">
      <Filter>Source Files</Filter>
    </ClCompile>
    <ClCompile Include="第9章\bst.cpp">
      <Filter>Source Files</Filter>
    </ClCompile>
    <ClCompile Include="第9章\btree.cpp">
      <Filter>Source Files</Filter>
    </ClCompile>
    <ClCompile Include="第9章\exam9-4.cpp">
      <Filter>Source Files</Filter>
    </ClCompile>
    <ClCompile Include="第9章\hash-chain.cpp">
      <Filter>Source Files</Filter>
    </ClCompile>
    <ClCompile Include="第9章\hash-open.cpp">
      <Filter>Source Files</Filter>
    </ClCompile>
    <ClCompile Include="第9章\seqlist.cpp">
      <Filter>Source Files</Filter>
    </ClCompile>
    <ClCompile Include="第9章\seqsearch.cpp">
      <Filter>Source Files</Filter>
    </ClCompile>
  </ItemGroup>
  <ItemGroup>
    <ClInclude Include="第6章\glnode.h">
      <Filter>Header Files</Filter>
    </ClInclude>
    <ClInclude Include="第8章\graph.h">
      <Filter>Header Files</Filter>
    </ClInclude>
    <ClInclude Include="第9章\seqlist.h">
      <Filter>Header Files</Filter>
    </ClInclude>
  </ItemGroup>
</Project>